
Microsoft Visual Studio Solution File, Format Version 12.00
# Visual Studio Version 17
VisualStudioVersion = 17.11.35208.52
MinimumVisualStudioVersion = 10.0.40219.1
Project("{9A19103F-16F7-4668-BE54-9A1E7A4F7556}") = "ApiCrud", "ApiCrud.csproj", "{D6499493-73FD-4F63-9409-9FDC4CAD3E2C}"
EndProject
Global
	GlobalSection(SolutionConfigurationPlatforms) = preSolution
		Debug|Any CPU = Debug|Any CPU
		Release|Any CPU = Release|Any CPU
	EndGlobalSection
	GlobalSection(ProjectConfigurationPlatforms) = postSolution
		{D6499493-73FD-4F63-9409-9FDC4CAD3E2C}.Debug|Any CPU.ActiveCfg = Debug|Any CPU
		{D6499493-73FD-4F63-9409-9FDC4CAD3E2C}.Debug|Any CPU.Build.0 = Debug|Any CPU
		{D6499493-73FD-4F63-9409-9FDC4CAD3E2C}.Release|Any CPU.ActiveCfg = Release|Any CPU
		{D6499493-73FD-4F63-9409-9FDC4CAD3E2C}.Release|Any CPU.Build.0 = Release|Any CPU
	EndGlobalSection
	GlobalSection(SolutionProperties) = preSolution
		HideSolutionNode = FALSE
	EndGlobalSection
	GlobalSection(ExtensibilityGlobals) = postSolution
		SolutionGuid = {2877D7CB-5221-46C3-A9A8-F990EFE0CCC6}
	EndGlobalSection
EndGlobal
